// !$*UTF8*$!
{
	archiveVersion = 1;
	classes = {
	};
	objectVersion = 46;
	objects = {

/* Begin PBXBuildFile section */
		4F5EA04319FC0BAF00438280 /* main.m in Sources */ = {isa = PBXBuildFile; fileRef = 4F5EA04219FC0BAF00438280 /* main.m */; };
		4F5EA04619FC0BB000438280 /* AppDelegate.m in Sources */ = {isa = PBXBuildFile; fileRef = 4F5EA04519FC0BB000438280 /* AppDelegate.m */; };
		4F5EA04919FC0BB000438280 /* FirstViewController.m in Sources */ = {isa = PBXBuildFile; fileRef = 4F5EA04819FC0BB000438280 /* FirstViewController.m */; };
		4F5EA04C19FC0BB000438280 /* SecondViewController.m in Sources */ = {isa = PBXBuildFile; fileRef = 4F5EA04B19FC0BB000438280 /* SecondViewController.m */; };
		4F5EA04F19FC0BB100438280 /* Main.storyboard in Resources */ = {isa = PBXBuildFile; fileRef = 4F5EA04D19FC0BB100438280 /* Main.storyboard */; };
		4F5EA05119FC0BB100438280 /* Images.xcassets in Resources */ = {isa = PBXBuildFile; fileRef = 4F5EA05019FC0BB100438280 /* Images.xcassets */; };
		4F5EA05419FC0BB100438280 /* LaunchScreen.xib in Resources */ = {isa = PBXBuildFile; fileRef = 4F5EA05219FC0BB100438280 /* LaunchScreen.xib */; };
		4F5EA06019FC0BB200438280 /* NosyNeighborTests.m in Sources */ = {isa = PBXBuildFile; fileRef = 4F5EA05F19FC0BB200438280 /* NosyNeighborTests.m */; };
/* End PBXBuildFile section */

/* Begin PBXContainerItemProxy section */
		4F5EA05A19FC0BB100438280 /* PBXContainerItemProxy */ = {
			isa = PBXContainerItemProxy;
			containerPortal = 4F5EA03519FC0BAC00438280 /* Project object */;
			proxyType = 1;
			remoteGlobalIDString = 4F5EA03C19FC0BAD00438280;
			remoteInfo = NosyNeighbor;
		};
/* End PBXContainerItemProxy section */

/* Begin PBXFileReference section */
		4F5EA03D19FC0BAE00438280 /* NosyNeighbor.app */ = {isa = PBXFileReference; explicitFileType = wrapper.application; includeInIndex = 0; path = NosyNeighbor.app; sourceTree = BUILT_PRODUCTS_DIR; };
		4F5EA04119FC0BAF00438280 /* Info.plist */ = {isa = PBXFileReference; lastKnownFileType = text.plist.xml; path = Info.plist; sourceTree = "<group>"; };
		4F5EA04219FC0BAF00438280 /* main.m */ = {isa = PBXFileReference; lastKnownFileType = sourcecode.c.objc; path = main.m; sourceTree = "<group>"; };
		4F5EA04419FC0BB000438280 /* AppDelegate.h */ = {isa = PBXFileReference; lastKnownFileType = sourcecode.c.h; path = AppDelegate.h; sourceTree = "<group>"; };
		4F5EA04519FC0BB000438280 /* AppDelegate.m */ = {isa = PBXFileReference; lastKnownFileType = sourcecode.c.objc; path = AppDelegate.m; sourceTree = "<group>"; };
		4F5EA04719FC0BB000438280 /* FirstViewController.h */ = {isa = PBXFileReference; lastKnownFileType = sourcecode.c.h; path = FirstViewController.h; sourceTree = "<group>"; };
		4F5EA04819FC0BB000438280 /* FirstViewController.m */ = {isa = PBXFileReference; lastKnownFileType = sourcecode.c.objc; path = FirstViewController.m; sourceTree = "<group>"; };
		4F5EA04A19FC0BB000438280 /* SecondViewController.h */ = {isa = PBXFileReference; lastKnownFileType = sourcecode.c.h; path = SecondViewController.h; sourceTree = "<group>"; };
		4F5EA04B19FC0BB000438280 /* SecondViewController.m */ = {isa = PBXFileReference; lastKnownFileType = sourcecode.c.objc; path = SecondViewController.m; sourceTree = "<group>"; };
		4F5EA04E19FC0BB100438280 /* Base */ = {isa = PBXFileReference; lastKnownFileType = file.storyboard; name = Base; path = Base.lproj/Main.storyboard; sourceTree = "<group>"; };
		4F5EA05019FC0BB100438280 /* Images.xcassets */ = {isa = PBXFileReference; lastKnownFileType = folder.assetcatalog; path = Images.xcassets; sourceTree = "<group>"; };
		4F5EA05319FC0BB100438280 /* Base */ = {isa = PBXFileReference; lastKnownFileType = file.xib; name = Base; path = Base.lproj/LaunchScreen.xib; sourceTree = "<group>"; };
		4F5EA05919FC0BB100438280 /* NosyNeighborTests.xctest */ = {isa = PBXFileReference; explicitFileType = wrapper.cfbundle; includeInIndex = 0; path = NosyNeighborTests.xctest; sourceTree = BUILT_PRODUCTS_DIR; };
		4F5EA05E19FC0BB200438280 /* Info.plist */ = {isa = PBXFileReference; lastKnownFileType = text.plist.xml; path = Info.plist; sourceTree = "<group>"; };
		4F5EA05F19FC0BB200438280 /* NosyNeighborTests.m */ = {isa = PBXFileReference; lastKnownFileType = sourcecode.c.objc; path = NosyNeighborTests.m; sourceTree = "<group>"; };
/* End PBXFileReference section */

/* Begin PBXFrameworksBuildPhase section */
		4F5EA03A19FC0BAD00438280 /* Frameworks */ = {
			isa = PBXFrameworksBuildPhase;
			buildActionMask = 2147483647;
			files = (
			);
			runOnlyForDeploymentPostprocessing = 0;
		};
		4F5EA05619FC0BB100438280 /* Frameworks */ = {
			isa = PBXFrameworksBuildPhase;
			buildActionMask = 2147483647;
			files = (
			);
			runOnlyForDeploymentPostprocessing = 0;
		};
/* End PBXFrameworksBuildPhase section */

/* Begin PBXGroup section */
		4F5EA03419FC0BAB00438280 = {
			isa = PBXGroup;
			children = (
				4F5EA03F19FC0BAE00438280 /* NosyNeighbor */,
				4F5EA05C19FC0BB100438280 /* NosyNeighborTests */,
				4F5EA03E19FC0BAE00438280 /* Products */,
			);
			sourceTree = "<group>";
		};
		4F5EA03E19FC0BAE00438280 /* Products */ = {
			isa = PBXGroup;
			children = (
				4F5EA03D19FC0BAE00438280 /* NosyNeighbor.app */,
				4F5EA05919FC0BB100438280 /* NosyNeighborTests.xctest */,
			);
			name = Products;
			sourceTree = "<group>";
		};
		4F5EA03F19FC0BAE00438280 /* NosyNeighbor */ = {
			isa = PBXGroup;
			children = (
				4F5EA04419FC0BB000438280 /* AppDelegate.h */,
				4F5EA04519FC0BB000438280 /* AppDelegate.m */,
				4F5EA04719FC0BB000438280 /* FirstViewController.h */,
				4F5EA04819FC0BB000438280 /* FirstViewController.m */,
				4F5EA04A19FC0BB000438280 /* SecondViewController.h */,
				4F5EA04B19FC0BB000438280 /* SecondViewController.m */,
				4F5EA04D19FC0BB100438280 /* Main.storyboard */,
				4F5EA05019FC0BB100438280 /* Images.xcassets */,
				4F5EA05219FC0BB100438280 /* LaunchScreen.xib */,
				4F5EA04019FC0BAE00438280 /* Supporting Files */,
			);
			path = NosyNeighbor;
			sourceTree = "<group>";
		};
		4F5EA04019FC0BAE00438280 /* Supporting Files */ = {
			isa = PBXGroup;
			children = (
				4F5EA04119FC0BAF00438280 /* Info.plist */,
				4F5EA04219FC0BAF00438280 /* main.m */,
			);
			name = "Supporting Files";
			sourceTree = "<group>";
		};
		4F5EA05C19FC0BB100438280 /* NosyNeighborTests */ = {
			isa = PBXGroup;
			children = (
				4F5EA05F19FC0BB200438280 /* NosyNeighborTests.m */,
				4F5EA05D19FC0BB200438280 /* Supporting Files */,
			);
			path = NosyNeighborTests;
			sourceTree = "<group>";
		};
		4F5EA05D19FC0BB200438280 /* Supporting Files */ = {
			isa = PBXGroup;
			children = (
				4F5EA05E19FC0BB200438280 /* Info.plist */,
			);
			name = "Supporting Files";
			sourceTree = "<group>";
		};
/* End PBXGroup section */

/* Begin PBXNativeTarget section */
		4F5EA03C19FC0BAD00438280 /* NosyNeighbor */ = {
			isa = PBXNativeTarget;
			buildConfigurationList = 4F5EA06319FC0BB200438280 /* Build configuration list for PBXNativeTarget "NosyNeighbor" */;
			buildPhases = (
				4F5EA03919FC0BAD00438280 /* Sources */,
				4F5EA03A19FC0BAD00438280 /* Frameworks */,
				4F5EA03B19FC0BAD00438280 /* Resources */,
			);
			buildRules = (
			);
			dependencies = (
			);
			name = NosyNeighbor;
			productName = NosyNeighbor;
			productReference = 4F5EA03D19FC0BAE00438280 /* NosyNeighbor.app */;
			productType = "com.apple.product-type.application";
		};
		4F5EA05819FC0BB100438280 /* NosyNeighborTests */ = {
			isa = PBXNativeTarget;
			buildConfigurationList = 4F5EA06619FC0BB200438280 /* Build configuration list for PBXNativeTarget "NosyNeighborTests" */;
			buildPhases = (
				4F5EA05519FC0BB100438280 /* Sources */,
				4F5EA05619FC0BB100438280 /* Frameworks */,
				4F5EA05719FC0BB100438280 /* Resources */,
			);
			buildRules = (
			);
			dependencies = (
				4F5EA05B19FC0BB100438280 /* PBXTargetDependency */,
			);
			name = NosyNeighborTests;
			productName = NosyNeighborTests;
			productReference = 4F5EA05919FC0BB100438280 /* NosyNeighborTests.xctest */;
			productType = "com.apple.product-type.bundle.unit-test";
		};
/* End PBXNativeTarget section */

/* Begin PBXProject section */
		4F5EA03519FC0BAC00438280 /* Project object */ = {
			isa = PBXProject;
			attributes = {
				LastUpgradeCheck = 0610;
				ORGANIZATIONNAME = "Elliott Tanner";
				TargetAttributes = {
					4F5EA03C19FC0BAD00438280 = {
						CreatedOnToolsVersion = 6.1;
					};
					4F5EA05819FC0BB100438280 = {
						CreatedOnToolsVersion = 6.1;
						TestTargetID = 4F5EA03C19FC0BAD00438280;
					};
				};
			};
			buildConfigurationList = 4F5EA03819FC0BAC00438280 /* Build configuration list for PBXProject "NosyNeighbor" */;
			compatibilityVersion = "Xcode 3.2";
			developmentRegion = English;
			hasScannedForEncodings = 0;
			knownRegions = (
				en,
				Base,
			);
			mainGroup = 4F5EA03419FC0BAB00438280;
			productRefGroup = 4F5EA03E19FC0BAE00438280 /* Products */;
			projectDirPath = "";
			projectRoot = "";
			targets = (
				4F5EA03C19FC0BAD00438280 /* NosyNeighbor */,
				4F5EA05819FC0BB100438280 /* NosyNeighborTests */,
			);
		};
/* End PBXProject section */

/* Begin PBXResourcesBuildPhase section */
		4F5EA03B19FC0BAD00438280 /* Resources */ = {
			isa = PBXResourcesBuildPhase;
			buildActionMask = 2147483647;
			files = (
				4F5EA04F19FC0BB100438280 /* Main.storyboard in Resources */,
				4F5EA05419FC0BB100438280 /* LaunchScreen.xib in Resources */,
				4F5EA05119FC0BB100438280 /* Images.xcassets in Resources */,
			);
			runOnlyForDeploymentPostprocessing = 0;
		};
		4F5EA05719FC0BB100438280 /* Resources */ = {
			isa = PBXResourcesBuildPhase;
			buildActionMask = 2147483647;
			files = (
			);
			runOnlyForDeploymentPostprocessing = 0;
		};
/* End PBXResourcesBuildPhase section */

/* Begin PBXSourcesBuildPhase section */
		4F5EA03919FC0BAD00438280 /* Sources */ = {
			isa = PBXSourcesBuildPhase;
			buildActionMask = 2147483647;
			files = (
				4F5EA04C19FC0BB000438280 /* SecondViewController.m in Sources */,
				4F5EA04619FC0BB000438280 /* AppDelegate.m in Sources */,
				4F5EA04919FC0BB000438280 /* FirstViewController.m in Sources */,
				4F5EA04319FC0BAF00438280 /* main.m in Sources */,
			);
			runOnlyForDeploymentPostprocessing = 0;
		};
		4F5EA05519FC0BB100438280 /* Sources */ = {
			isa = PBXSourcesBuildPhase;
			buildActionMask = 2147483647;
			files = (
				4F5EA06019FC0BB200438280 /* NosyNeighborTests.m in Sources */,
			);
			runOnlyForDeploymentPostprocessing = 0;
		};
/* End PBXSourcesBuildPhase section */

/* Begin PBXTargetDependency section */
		4F5EA05B19FC0BB100438280 /* PBXTargetDependency */ = {
			isa = PBXTargetDependency;
			target = 4F5EA03C19FC0BAD00438280 /* NosyNeighbor */;
			targetProxy = 4F5EA05A19FC0BB100438280 /* PBXContainerItemProxy */;
		};
/* End PBXTargetDependency section */

/* Begin PBXVariantGroup section */
		4F5EA04D19FC0BB100438280 /* Main.storyboard */ = {
			isa = PBXVariantGroup;
			children = (
				4F5EA04E19FC0BB100438280 /* Base */,
			);
			name = Main.storyboard;
			sourceTree = "<group>";
		};
		4F5EA05219FC0BB100438280 /* LaunchScreen.xib */ = {
			isa = PBXVariantGroup;
			children = (
				4F5EA05319FC0BB100438280 /* Base */,
			);
			name = LaunchScreen.xib;
			sourceTree = "<group>";
		};
/* End PBXVariantGroup section */

/* Begin XCBuildConfiguration section */
		4F5EA06119FC0BB200438280 /* Debug */ = {
			isa = XCBuildConfiguration;
			buildSettings = {
				ALWAYS_SEARCH_USER_PATHS = NO;
				CLANG_CXX_LANGUAGE_STANDARD = "gnu++0x";
				CLANG_CXX_LIBRARY = "libc++";
				CLANG_ENABLE_MODULES = YES;
				CLANG_ENABLE_OBJC_ARC = YES;
				CLANG_WARN_BOOL_CONVERSION = YES;
				CLANG_WARN_CONSTANT_CONVERSION = YES;
				CLANG_WARN_DIRECT_OBJC_ISA_USAGE = YES_ERROR;
				CLANG_WARN_EMPTY_BODY = YES;
				CLANG_WARN_ENUM_CONVERSION = YES;
				CLANG_WARN_INT_CONVERSION = YES;
				CLANG_WARN_OBJC_ROOT_CLASS = YES_ERROR;
				CLANG_WARN_UNREACHABLE_CODE = YES;
				CLANG_WARN__DUPLICATE_METHOD_MATCH = YES;
				"CODE_SIGN_IDENTITY[sdk=iphoneos*]" = "iPhone Developer";
				COPY_PHASE_STRIP = NO;
				ENABLE_STRICT_OBJC_MSGSEND = YES;
				GCC_C_LANGUAGE_STANDARD = gnu99;
				GCC_DYNAMIC_NO_PIC = NO;
				GCC_OPTIMIZATION_LEVEL = 0;
				GCC_PREPROCESSOR_DEFINITIONS = (
					"DEBUG=1",
					"$(inherited)",
				);
				GCC_SYMBOLS_PRIVATE_EXTERN = NO;
				GCC_WARN_64_TO_32_BIT_CONVERSION = YES;
				GCC_WARN_ABOUT_RETURN_TYPE = YES_ERROR;
				GCC_WARN_UNDECLARED_SELECTOR = YES;
				GCC_WARN_UNINITIALIZED_AUTOS = YES_AGGRESSIVE;
				GCC_WARN_UNUSED_FUNCTION = YES;
				GCC_WARN_UNUSED_VARIABLE = YES;
				IPHONEOS_DEPLOYMENT_TARGET = 8.1;
				MTL_ENABLE_DEBUG_INFO = YES;
				ONLY_ACTIVE_ARCH = YES;
				SDKROOT = iphoneos;
			};
			name = Debug;
		};
		4F5EA06219FC0BB200438280 /* Release */ = {
			isa = XCBuildConfiguration;
			buildSettings = {
				ALWAYS_SEARCH_USER_PATHS = NO;
				CLANG_CXX_LANGUAGE_STANDARD = "gnu++0x";
				CLANG_CXX_LIBRARY = "libc++";
				CLANG_ENABLE_MODULES = YES;
				CLANG_ENABLE_OBJC_ARC = YES;
				CLANG_WARN_BOOL_CONVERSION = YES;
				CLANG_WARN_CONSTANT_CONVERSION = YES;
				CLANG_WARN_DIRECT_OBJC_ISA_USAGE = YES_ERROR;
				CLANG_WARN_EMPTY_BODY = YES;
				CLANG_WARN_ENUM_CONVERSION = YES;
				CLANG_WARN_INT_CONVERSION = YES;
				CLANG_WARN_OBJC_ROOT_CLASS = YES_ERROR;
				CLANG_WARN_UNREACHABLE_CODE = YES;
				CLANG_WARN__DUPLICATE_METHOD_MATCH = YES;
				"CODE_SIGN_IDENTITY[sdk=iphoneos*]" = "iPhone Developer";
				COPY_PHASE_STRIP = YES;
				ENABLE_NS_ASSERTIONS = NO;
				ENABLE_STRICT_OBJC_MSGSEND = YES;
				GCC_C_LANGUAGE_STANDARD = gnu99;
				GCC_WARN_64_TO_32_BIT_CONVERSION = YES;
				GCC_WARN_ABOUT_RETURN_TYPE = YES_ERROR;
				GCC_WARN_UNDECLARED_SELECTOR = YES;
				GCC_WARN_UNINITIALIZED_AUTOS = YES_AGGRESSIVE;
				GCC_WARN_UNUSED_FUNCTION = YES;
				GCC_WARN_UNUSED_VARIABLE = YES;
				IPHONEOS_DEPLOYMENT_TARGET = 8.1;
				MTL_ENABLE_DEBUG_INFO = NO;
				SDKROOT = iphoneos;
				VALIDATE_PRODUCT = YES;
			};
			name = Release;
		};
		4F5EA06419FC0BB200438280 /* Debug */ = {
			isa = XCBuildConfiguration;
			buildSettings = {
				ASSETCATALOG_COMPILER_APPICON_NAME = AppIcon;
				INFOPLIST_FILE = NosyNeighbor/Info.plist;
				LD_RUNPATH_SEARCH_PATHS = "$(inherited) @executable_path/Frameworks";
				PRODUCT_NAME = "$(TARGET_NAME)";
			};
			name = Debug;
		};
		4F5EA06519FC0BB200438280 /* Release */ = {
			isa = XCBuildConfiguration;
			buildSettings = {
				ASSETCATALOG_COMPILER_APPICON_NAME = AppIcon;
				INFOPLIST_FILE = NosyNeighbor/Info.plist;
				LD_RUNPATH_SEARCH_PATHS = "$(inherited) @executable_path/Frameworks";
				PRODUCT_NAME = "$(TARGET_NAME)";
			};
			name = Release;
		};
		4F5EA06719FC0BB200438280 /* Debug */ = {
			isa = XCBuildConfiguration;
			buildSettings = {
				BUNDLE_LOADER = "$(TEST_HOST)";
				FRAMEWORK_SEARCH_PATHS = (
					"$(SDKROOT)/Developer/Library/Frameworks",
					"$(inherited)",
				);
				GCC_PREPROCESSOR_DEFINITIONS = (
					"DEBUG=1",
					"$(inherited)",
				);
				INFOPLIST_FILE = NosyNeighborTests/Info.plist;
				LD_RUNPATH_SEARCH_PATHS = "$(inherited) @executable_path/Frameworks @loader_path/Frameworks";
				PRODUCT_NAME = "$(TARGET_NAME)";
				TEST_HOST = "$(BUILT_PRODUCTS_DIR)/NosyNeighbor.app/NosyNeighbor";
			};
			name = Debug;
		};
		4F5EA06819FC0BB200438280 /* Release */ = {
			isa = XCBuildConfiguration;
			buildSettings = {
				BUNDLE_LOADER = "$(TEST_HOST)";
				FRAMEWORK_SEARCH_PATHS = (
					"$(SDKROOT)/Developer/Library/Frameworks",
					"$(inherited)",
				);
				INFOPLIST_FILE = NosyNeighborTests/Info.plist;
				LD_RUNPATH_SEARCH_PATHS = "$(inherited) @executable_path/Frameworks @loader_path/Frameworks";
				PRODUCT_NAME = "$(TARGET_NAME)";
				TEST_HOST = "$(BUILT_PRODUCTS_DIR)/NosyNeighbor.app/NosyNeighbor";
			};
			name = Release;
		};
/* End XCBuildConfiguration section */

/* Begin XCConfigurationList section */
		4F5EA03819FC0BAC00438280 /* Build configuration list for PBXProject "NosyNeighbor" */ = {
			isa = XCConfigurationList;
			buildConfigurations = (
				4F5EA06119FC0BB200438280 /* Debug */,
				4F5EA06219FC0BB200438280 /* Release */,
			);
			defaultConfigurationIsVisible = 0;
			defaultConfigurationName = Release;
		};
		4F5EA06319FC0BB200438280 /* Build configuration list for PBXNativeTarget "NosyNeighbor" */ = {
			isa = XCConfigurationList;
			buildConfigurations = (
				4F5EA06419FC0BB200438280 /* Debug */,
				4F5EA06519FC0BB200438280 /* Release */,
			);
			defaultConfigurationIsVisible = 0;
		};
		4F5EA06619FC0BB200438280 /* Build configuration list for PBXNativeTarget "NosyNeighborTests" */ = {
			isa = XCConfigurationList;
			buildConfigurations = (
				4F5EA06719FC0BB200438280 /* Debug */,
				4F5EA06819FC0BB200438280 /* Release */,
			);
			defaultConfigurationIsVisible = 0;
		};
/* End XCConfigurationList section */
	};
	rootObject = 4F5EA03519FC0BAC00438280 /* Project object */;
}
